{
  "nodes": {
    "catppuccin": {
      "locked": {
        "lastModified": 1722997334,
        "narHash": "sha256-vE5FcKVQ3E0txJKt5w3vOlfcN1XoTAlxK9PnQ/CJavA=",
        "owner": "catppuccin",
        "repo": "nix",
        "rev": "66f4ea170093b62f319f41cebd2337a51b225c5a",
        "type": "github"
      },
      "original": {
        "owner": "catppuccin",
        "repo": "nix",
        "type": "github"
      }
    },
    "disko": {
      "inputs": {
        "nixpkgs": [
          "nixpkgs"
        ]
      },
      "locked": {
        "lastModified": 1723426710,
        "narHash": "sha256-yrS9al6l3fYfFfvovnyBWnyELDQOdfKyai4K/jKgoBw=",
        "owner": "nix-community",
        "repo": "disko",
        "rev": "0d510fe40b56ed74907a021d7e1ffd0042592914",
        "type": "github"
      },
      "original": {
        "owner": "nix-community",
        "repo": "disko",
        "type": "github"
      }
    },
    "home-manager": {
      "inputs": {
        "nixpkgs": [
          "nixpkgs"
        ]
      },
      "locked": {
        "lastModified": 1720042825,
        "narHash": "sha256-A0vrUB6x82/jvf17qPCpxaM+ulJnD8YZwH9Ci0BsAzE=",
        "owner": "nix-community",
        "repo": "home-manager",
        "rev": "e1391fb22e18a36f57e6999c7a9f966dc80ac073",
        "type": "github"
      },
      "original": {
        "owner": "nix-community",
        "ref": "release-24.05",
        "repo": "home-manager",
        "type": "github"
      }
    },
    "kolide-launcher": {
      "inputs": {
        "nixpkgs": [
          "nixpkgs"
        ]
      },
      "locked": {
        "lastModified": 1722866699,
        "narHash": "sha256-cdP4ih7hC2IKuYO8DomUsLN8MBG4Id5+y7SnXeIWL1c=",
        "owner": "kolide",
        "repo": "nix-agent",
        "rev": "8c6d06f2ed70062b761cf4111d12e9f8b7bc4ff8",
        "type": "github"
      },
      "original": {
        "owner": "kolide",
        "ref": "main",
        "repo": "nix-agent",
        "type": "github"
      }
    },
    "nixpkgs": {
      "locked": {
        "lastModified": 1723282977,
        "narHash": "sha256-oTK91aOlA/4IsjNAZGMEBz7Sq1zBS0Ltu4/nIQdYDOg=",
        "owner": "NixOS",
        "repo": "nixpkgs",
        "rev": "a781ff33ae258bbcfd4ed6e673860c3e923bf2cc",
        "type": "github"
      },
      "original": {
        "owner": "NixOS",
        "ref": "nixos-24.05",
        "repo": "nixpkgs",
        "type": "github"
      }
    },
    "root": {
      "inputs": {
        "catppuccin": "catppuccin",
        "disko": "disko",
        "home-manager": "home-manager",
        "kolide-launcher": "kolide-launcher",
        "nixpkgs": "nixpkgs"
      }
    }
  },
  "root": "root",
  "version": 7
}
